
Microsoft Visual Studio Solution File, Format Version 12.00
# Visual Studio 2012
Project("{FAE04EC0-301F-11D3-BF4B-00C04F79EFBC}") = "ClientAceTest", "ClientAceTest\ClientAceTest.csproj", "{214FA8EE-47EB-4D8B-A3D5-8D56764D6ACC}"
EndProject
Project("{2150E333-8FDC-42A3-9474-1A3956D46DE8}") = ".nuget", ".nuget", "{71523F1C-AD84-42BC-A1D2-6A64D5F6F803}"
	ProjectSection(SolutionItems) = preProject
		.nuget\NuGet.Config = .nuget\NuGet.Config
		.nuget\NuGet.exe = .nuget\NuGet.exe
		.nuget\NuGet.targets = .nuget\NuGet.targets
	EndProjectSection
EndProject
Global
	GlobalSection(SolutionConfigurationPlatforms) = preSolution
		Debug|Any CPU = Debug|Any CPU
		Release|Any CPU = Release|Any CPU
	EndGlobalSection
	GlobalSection(ProjectConfigurationPlatforms) = postSolution
		{214FA8EE-47EB-4D8B-A3D5-8D56764D6ACC}.Debug|Any CPU.ActiveCfg = Debug|Any CPU
		{214FA8EE-47EB-4D8B-A3D5-8D56764D6ACC}.Debug|Any CPU.Build.0 = Debug|Any CPU
		{214FA8EE-47EB-4D8B-A3D5-8D56764D6ACC}.Release|Any CPU.ActiveCfg = Release|Any CPU
		{214FA8EE-47EB-4D8B-A3D5-8D56764D6ACC}.Release|Any CPU.Build.0 = Release|Any CPU
	EndGlobalSection
	GlobalSection(SolutionProperties) = preSolution
		HideSolutionNode = FALSE
	EndGlobalSection
EndGlobal
